
Microsoft Visual Studio Solution File, Format Version 12.00
# Visual Studio Version 16
VisualStudioVersion = 16.0.32602.291
MinimumVisualStudioVersion = 10.0.40219.1
Project("{8BC9CEB8-8B4A-11D0-8D11-00A0C91BC942}") = "MyVirtualMachine", "MyVirtualMachine.vcxproj", "{DCE94DC6-D733-499F-9F8A-8CBCE6272BE4}"
EndProject
Project("{8BC9CEB8-8B4A-11D0-8D11-00A0C91BC942}") = "TextToNumConverter", "TextToNumConverter\TextToNumConverter.vcxproj", "{29B11322-B102-41A2-8D86-720A562F3FA6}"
EndProject
Global
	GlobalSection(SolutionConfigurationPlatforms) = preSolution
		Debug|x64 = Debug|x64
		Debug|x86 = Debug|x86
		Release|x64 = Release|x64
		Release|x86 = Release|x86
	EndGlobalSection
	GlobalSection(ProjectConfigurationPlatforms) = postSolution
		{DCE94DC6-D733-499F-9F8A-8CBCE6272BE4}.Debug|x64.ActiveCfg = Debug|x64
		{DCE94DC6-D733-499F-9F8A-8CBCE6272BE4}.Debug|x64.Build.0 = Debug|x64
		{DCE94DC6-D733-499F-9F8A-8CBCE6272BE4}.Debug|x86.ActiveCfg = Debug|Win32
		{DCE94DC6-D733-499F-9F8A-8CBCE6272BE4}.Debug|x86.Build.0 = Debug|Win32
		{DCE94DC6-D733-499F-9F8A-8CBCE6272BE4}.Release|x64.ActiveCfg = Release|x64
		{DCE94DC6-D733-499F-9F8A-8CBCE6272BE4}.Release|x64.Build.0 = Release|x64
		{DCE94DC6-D733-499F-9F8A-8CBCE6272BE4}.Release|x86.ActiveCfg = Release|Win32
		{DCE94DC6-D733-499F-9F8A-8CBCE6272BE4}.Release|x86.Build.0 = Release|Win32
		{29B11322-B102-41A2-8D86-720A562F3FA6}.Debug|x64.ActiveCfg = Debug|x64
		{29B11322-B102-41A2-8D86-720A562F3FA6}.Debug|x64.Build.0 = Debug|x64
		{29B11322-B102-41A2-8D86-720A562F3FA6}.Debug|x86.ActiveCfg = Debug|Win32
		{29B11322-B102-41A2-8D86-720A562F3FA6}.Debug|x86.Build.0 = Debug|Win32
		{29B11322-B102-41A2-8D86-720A562F3FA6}.Release|x64.ActiveCfg = Release|x64
		{29B11322-B102-41A2-8D86-720A562F3FA6}.Release|x64.Build.0 = Release|x64
		{29B11322-B102-41A2-8D86-720A562F3FA6}.Release|x86.ActiveCfg = Release|Win32
		{29B11322-B102-41A2-8D86-720A562F3FA6}.Release|x86.Build.0 = Release|Win32
	EndGlobalSection
	GlobalSection(SolutionProperties) = preSolution
		HideSolutionNode = FALSE
	EndGlobalSection
	GlobalSection(ExtensibilityGlobals) = postSolution
		SolutionGuid = {71CF77EC-FA2E-4F4F-81C3-3FDC128F6D55}
	EndGlobalSection
EndGlobal
